
Microsoft Visual Studio Solution File, Format Version 12.00
# Visual Studio Version 16
VisualStudioVersion = 16.0.31702.278
MinimumVisualStudioVersion = 10.0.40219.1
Project("{FAE04EC0-301F-11D3-BF4B-00C04F79EFBC}") = "ClinicAPI", "ClinicAPI\ClinicAPI.csproj", "{C89ED2DD-1B21-45E1-8A03-7F2E83BE92B7}"
EndProject
Global
	GlobalSection(SolutionConfigurationPlatforms) = preSolution
		Debug|Any CPU = Debug|Any CPU
		Release|Any CPU = Release|Any CPU
	EndGlobalSection
	GlobalSection(ProjectConfigurationPlatforms) = postSolution
		{C89ED2DD-1B21-45E1-8A03-7F2E83BE92B7}.Debug|Any CPU.ActiveCfg = Debug|Any CPU
		{C89ED2DD-1B21-45E1-8A03-7F2E83BE92B7}.Debug|Any CPU.Build.0 = Debug|Any CPU
		{C89ED2DD-1B21-45E1-8A03-7F2E83BE92B7}.Release|Any CPU.ActiveCfg = Release|Any CPU
		{C89ED2DD-1B21-45E1-8A03-7F2E83BE92B7}.Release|Any CPU.Build.0 = Release|Any CPU
	EndGlobalSection
	GlobalSection(SolutionProperties) = preSolution
		HideSolutionNode = FALSE
	EndGlobalSection
	GlobalSection(ExtensibilityGlobals) = postSolution
		SolutionGuid = {DDA06F3E-3E27-48E5-9BE2-C100924333E8}
	EndGlobalSection
EndGlobal
